
Microsoft Visual Studio Solution File, Format Version 12.00
# Visual Studio Version 17
VisualStudioVersion = 17.8.34322.80
MinimumVisualStudioVersion = 10.0.40219.1
Project("{FAE04EC0-301F-11D3-BF4B-00C04F79EFBC}") = "Apoteka", "Apoteka\Apoteka.csproj", "{590727BE-D6C1-4045-BB7E-E1358D41A5EB}"
EndProject
Global
	GlobalSection(SolutionConfigurationPlatforms) = preSolution
		Debug|Any CPU = Debug|Any CPU
		Release|Any CPU = Release|Any CPU
	EndGlobalSection
	GlobalSection(ProjectConfigurationPlatforms) = postSolution
		{590727BE-D6C1-4045-BB7E-E1358D41A5EB}.Debug|Any CPU.ActiveCfg = Debug|Any CPU
		{590727BE-D6C1-4045-BB7E-E1358D41A5EB}.Debug|Any CPU.Build.0 = Debug|Any CPU
		{590727BE-D6C1-4045-BB7E-E1358D41A5EB}.Release|Any CPU.ActiveCfg = Release|Any CPU
		{590727BE-D6C1-4045-BB7E-E1358D41A5EB}.Release|Any CPU.Build.0 = Release|Any CPU
	EndGlobalSection
	GlobalSection(SolutionProperties) = preSolution
		HideSolutionNode = FALSE
	EndGlobalSection
	GlobalSection(ExtensibilityGlobals) = postSolution
		SolutionGuid = {634BA702-3D59-4488-B81A-DFC5B44434A3}
	EndGlobalSection
EndGlobal
